{
  "lockfile_version": "1",
  "packages": {
    "argocd@latest": {
      "last_modified": "2025-07-28T17:09:23Z",
      "resolved": "github:NixOS/nixpkgs/648f70160c03151bc2121d179291337ad6bc564b#argocd",
      "source": "devbox-search",
      "version": "2.14.11",
      "systems": {
        "aarch64-darwin": {
          "outputs": [
            {
              "name": "out",
              "path": "/nix/store/zbk9zpj83scbs6jrmvcb288sjwkldyar-argocd-2.14.11",
              "default": true
            }
          ],
          "store_path": "/nix/store/zbk9zpj83scbs6jrmvcb288sjwkldyar-argocd-2.14.11"
        },
        "aarch64-linux": {
          "outputs": [
            {
              "name": "out",
              "path": "/nix/store/39h2mgr26x981dm0r554pfs1zc3xn52j-argocd-2.14.11",
              "default": true
            }
          ],
          "store_path": "/nix/store/39h2mgr26x981dm0r554pfs1zc3xn52j-argocd-2.14.11"
        },
        "x86_64-darwin": {
          "outputs": [
            {
              "name": "out",
              "path": "/nix/store/y1v89wy5fxll90bx8fvsixmixb1ixw76-argocd-2.14.11",
              "default": true
            }
          ],
          "store_path": "/nix/store/y1v89wy5fxll90bx8fvsixmixb1ixw76-argocd-2.14.11"
        },
        "x86_64-linux": {
          "outputs": [
            {
              "name": "out",
              "path": "/nix/store/n16amhhidqmdp80bym5wfygrxf4wjw9x-argocd-2.14.11",
              "default": true
            }
          ],
          "store_path": "/nix/store/n16amhhidqmdp80bym5wfygrxf4wjw9x-argocd-2.14.11"
        }
      }
    },
    "cilium-cli@latest": {
      "last_modified": "2025-08-05T11:35:34Z",
      "resolved": "github:NixOS/nixpkgs/a683adc19ff5228af548c6539dbc3440509bfed3#cilium-cli",
      "source": "devbox-search",
      "version": "0.18.6",
      "systems": {
        "aarch64-darwin": {
          "outputs": [
            {
              "name": "out",
              "path": "/nix/store/ycj2v9f0cl5xszzhyixd3acwmlh4yapy-cilium-cli-0.18.6",
              "default": true
            }
          ],
          "store_path": "/nix/store/ycj2v9f0cl5xszzhyixd3acwmlh4yapy-cilium-cli-0.18.6"
        },
        "aarch64-linux": {
          "outputs": [
            {
              "name": "out",
              "path": "/nix/store/3zaddxxb2qvs9jynp3vcfxq06jl2miv5-cilium-cli-0.18.6",
              "default": true
            }
          ],
          "store_path": "/nix/store/3zaddxxb2qvs9jynp3vcfxq06jl2miv5-cilium-cli-0.18.6"
        },
        "x86_64-darwin": {
          "outputs": [
            {
              "name": "out",
              "path": "/nix/store/xcaa6n1w491iz7lvvm9yqshfgxcnf7yr-cilium-cli-0.18.6",
              "default": true
            }
          ],
          "store_path": "/nix/store/xcaa6n1w491iz7lvvm9yqshfgxcnf7yr-cilium-cli-0.18.6"
        },
        "x86_64-linux": {
          "outputs": [
            {
              "name": "out",
              "path": "/nix/store/b2nzz1lrwfd8yqx0xwkwwbdvbifdkz58-cilium-cli-0.18.6",
              "default": true
            }
          ],
          "store_path": "/nix/store/b2nzz1lrwfd8yqx0xwkwwbdvbifdkz58-cilium-cli-0.18.6"
        }
      }
    },
    "github:NixOS/nixpkgs/nixpkgs-unstable": {
      "last_modified": "2025-08-09T20:54:02Z",
      "resolved": "github:NixOS/nixpkgs/1ef586712f85b4b004caecd385d6b023e7fd2450?lastModified=1754772842&narHash=sha256-aKmIQcvT857VRc3XbLvsuMdLeUuYfz%2B8zQ4eTXe78KE%3D"
    },
    "go@latest": {
      "last_modified": "2025-07-28T17:09:23Z",
      "resolved": "github:NixOS/nixpkgs/648f70160c03151bc2121d179291337ad6bc564b#go",
      "source": "devbox-search",
      "version": "1.24.5",
      "systems": {
        "aarch64-darwin": {
          "outputs": [
            {
              "name": "out",
              "path": "/nix/store/kw1vd98s15vj700m3gx2x2xca2z477i3-go-1.24.5",
              "default": true
            }
          ],
          "store_path": "/nix/store/kw1vd98s15vj700m3gx2x2xca2z477i3-go-1.24.5"
        },
        "aarch64-linux": {
          "outputs": [
            {
              "name": "out",
              "path": "/nix/store/5bzlaj0c4mqw9p0zrcx5g9vz16vd45dl-go-1.24.5",
              "default": true
            }
          ],
          "store_path": "/nix/store/5bzlaj0c4mqw9p0zrcx5g9vz16vd45dl-go-1.24.5"
        },
        "x86_64-darwin": {
          "outputs": [
            {
              "name": "out",
              "path": "/nix/store/b72n20ixzl5ja9vciwahkr30bhmsn5jc-go-1.24.5",
              "default": true
            }
          ],
          "store_path": "/nix/store/b72n20ixzl5ja9vciwahkr30bhmsn5jc-go-1.24.5"
        },
        "x86_64-linux": {
          "outputs": [
            {
              "name": "out",
              "path": "/nix/store/y4awwzp30ka130wmjrpaqjmjdf9p010w-go-1.24.5",
              "default": true
            }
          ],
          "store_path": "/nix/store/y4awwzp30ka130wmjrpaqjmjdf9p010w-go-1.24.5"
        }
      }
    },
    "hubble@latest": {
      "last_modified": "2025-07-28T17:09:23Z",
      "resolved": "github:NixOS/nixpkgs/648f70160c03151bc2121d179291337ad6bc564b#hubble",
      "source": "devbox-search",
      "version": "1.17.2",
      "systems": {
        "aarch64-darwin": {
          "outputs": [
            {
              "name": "out",
              "path": "/nix/store/r77xjjj9v6kq5b1j6dnhp5m7rdbbkdxq-hubble-1.17.2",
              "default": true
            }
          ],
          "store_path": "/nix/store/r77xjjj9v6kq5b1j6dnhp5m7rdbbkdxq-hubble-1.17.2"
        },
        "aarch64-linux": {
          "outputs": [
            {
              "name": "out",
              "path": "/nix/store/j9lp9nd556r9m4qwxzfjb09rmv7ss3fz-hubble-1.17.2",
              "default": true
            }
          ],
          "store_path": "/nix/store/j9lp9nd556r9m4qwxzfjb09rmv7ss3fz-hubble-1.17.2"
        },
        "x86_64-darwin": {
          "outputs": [
            {
              "name": "out",
              "path": "/nix/store/2g230w8ygxb5j5a35krzxmcwb504rcxc-hubble-1.17.2",
              "default": true
            }
          ],
          "store_path": "/nix/store/2g230w8ygxb5j5a35krzxmcwb504rcxc-hubble-1.17.2"
        },
        "x86_64-linux": {
          "outputs": [
            {
              "name": "out",
              "path": "/nix/store/nf154sbs85x7wvby1zpgc7bcw00d4p6i-hubble-1.17.2",
              "default": true
            }
          ],
          "store_path": "/nix/store/nf154sbs85x7wvby1zpgc7bcw00d4p6i-hubble-1.17.2"
        }
      }
    },
    "k9s@latest": {
      "last_modified": "2025-07-28T17:09:23Z",
      "resolved": "github:NixOS/nixpkgs/648f70160c03151bc2121d179291337ad6bc564b#k9s",
      "source": "devbox-search",
      "version": "0.50.9",
      "systems": {
        "aarch64-darwin": {
          "outputs": [
            {
              "name": "out",
              "path": "/nix/store/9lbspbg4vwqji66y5cjx4fdkzyc6gndc-k9s-0.50.9",
              "default": true
            }
          ],
          "store_path": "/nix/store/9lbspbg4vwqji66y5cjx4fdkzyc6gndc-k9s-0.50.9"
        },
        "aarch64-linux": {
          "outputs": [
            {
              "name": "out",
              "path": "/nix/store/0p2d1lqikd1ybji3zf8nffcj3s24a1lh-k9s-0.50.9",
              "default": true
            }
          ],
          "store_path": "/nix/store/0p2d1lqikd1ybji3zf8nffcj3s24a1lh-k9s-0.50.9"
        },
        "x86_64-darwin": {
          "outputs": [
            {
              "name": "out",
              "path": "/nix/store/fyh4dy9xcyi3wf5rclbhn6ihssxvnn6k-k9s-0.50.9",
              "default": true
            }
          ],
          "store_path": "/nix/store/fyh4dy9xcyi3wf5rclbhn6ihssxvnn6k-k9s-0.50.9"
        },
        "x86_64-linux": {
          "outputs": [
            {
              "name": "out",
              "path": "/nix/store/gjlg5swbvf9kx15da6qb6gpgmgf8a8zi-k9s-0.50.9",
              "default": true
            }
          ],
          "store_path": "/nix/store/gjlg5swbvf9kx15da6qb6gpgmgf8a8zi-k9s-0.50.9"
        }
      }
    },
    "kubectl@latest": {
      "last_modified": "2025-07-28T17:09:23Z",
      "resolved": "github:NixOS/nixpkgs/648f70160c03151bc2121d179291337ad6bc564b#kubectl",
      "source": "devbox-search",
      "version": "1.33.3",
      "systems": {
        "aarch64-darwin": {
          "outputs": [
            {
              "name": "out",
              "path": "/nix/store/k5hj0mxpv84w7xzx2z4wc06r4hg1ccwj-kubectl-1.33.3",
              "default": true
            },
            {
              "name": "man",
              "path": "/nix/store/2mckzmqkc5y3bh66sx2ij6sy2l1yy5s3-kubectl-1.33.3-man",
              "default": true
            },
            {
              "name": "convert",
              "path": "/nix/store/x225vv21kfp2pgi3hxac4cpz60qlh6nv-kubectl-1.33.3-convert"
            }
          ],
          "store_path": "/nix/store/k5hj0mxpv84w7xzx2z4wc06r4hg1ccwj-kubectl-1.33.3"
        },
        "aarch64-linux": {
          "outputs": [
            {
              "name": "out",
              "path": "/nix/store/cclissn11ab1rw49qybz8q31631n3m9x-kubectl-1.33.3",
              "default": true
            },
            {
              "name": "man",
              "path": "/nix/store/5npib1jfzm5mnv2ri6lv3z1l2pxhp8lr-kubectl-1.33.3-man",
              "default": true
            },
            {
              "name": "convert",
              "path": "/nix/store/1ahkazwv31h3irkxpzazg20kpn3kngbz-kubectl-1.33.3-convert"
            }
          ],
          "store_path": "/nix/store/cclissn11ab1rw49qybz8q31631n3m9x-kubectl-1.33.3"
        },
        "x86_64-darwin": {
          "outputs": [
            {
              "name": "out",
              "path": "/nix/store/qhvbci1vbd66884yza8d8sr3xn08v5ar-kubectl-1.33.3",
              "default": true
            },
            {
              "name": "man",
              "path": "/nix/store/9r8lxjhv229w8c2gf0kbwsfjl9jcv6y2-kubectl-1.33.3-man",
              "default": true
            },
            {
              "name": "convert",
              "path": "/nix/store/x74dqs19xz986l140bjn15awxf62dkys-kubectl-1.33.3-convert"
            }
          ],
          "store_path": "/nix/store/qhvbci1vbd66884yza8d8sr3xn08v5ar-kubectl-1.33.3"
        },
        "x86_64-linux": {
          "outputs": [
            {
              "name": "out",
              "path": "/nix/store/vpx0zzs0hazp7k9byys204jl805ksa2y-kubectl-1.33.3",
              "default": true
            },
            {
              "name": "man",
              "path": "/nix/store/w38d510ixf5ijs8z4j6c2yiinqk8ddx8-kubectl-1.33.3-man",
              "default": true
            },
            {
              "name": "convert",
              "path": "/nix/store/sj77h1x39z09mmq6rv1cjmpj6gg9gylf-kubectl-1.33.3-convert"
            }
          ],
          "store_path": "/nix/store/vpx0zzs0hazp7k9byys204jl805ksa2y-kubectl-1.33.3"
        }
      }
    },
    "kubernetes-helm@latest": {
      "last_modified": "2025-07-28T17:09:23Z",
      "resolved": "github:NixOS/nixpkgs/648f70160c03151bc2121d179291337ad6bc564b#kubernetes-helm",
      "source": "devbox-search",
      "version": "3.18.4",
      "systems": {
        "aarch64-darwin": {
          "outputs": [
            {
              "name": "out",
              "path": "/nix/store/0cxdf30s34zacr305rbyavvnamx36hs4-kubernetes-helm-3.18.4",
              "default": true
            }
          ],
          "store_path": "/nix/store/0cxdf30s34zacr305rbyavvnamx36hs4-kubernetes-helm-3.18.4"
        },
        "aarch64-linux": {
          "outputs": [
            {
              "name": "out",
              "path": "/nix/store/2s4r0aik3lkdhjkhs7hj38pbk29fs968-kubernetes-helm-3.18.4",
              "default": true
            }
          ],
          "store_path": "/nix/store/2s4r0aik3lkdhjkhs7hj38pbk29fs968-kubernetes-helm-3.18.4"
        },
        "x86_64-darwin": {
          "outputs": [
            {
              "name": "out",
              "path": "/nix/store/y5wgqd0sr8grd59dzl77gc8907gb5078-kubernetes-helm-3.18.4",
              "default": true
            }
          ],
          "store_path": "/nix/store/y5wgqd0sr8grd59dzl77gc8907gb5078-kubernetes-helm-3.18.4"
        },
        "x86_64-linux": {
          "outputs": [
            {
              "name": "out",
              "path": "/nix/store/s77p25dg7dib28llm63b8xp0609gld5w-kubernetes-helm-3.18.4",
              "default": true
            }
          ],
          "store_path": "/nix/store/s77p25dg7dib28llm63b8xp0609gld5w-kubernetes-helm-3.18.4"
        }
      }
    },
    "lazygit@latest": {
      "last_modified": "2025-08-08T08:05:48Z",
      "resolved": "github:NixOS/nixpkgs/a3f3e3f2c983e957af6b07a1db98bafd1f87b7a1#lazygit",
      "source": "devbox-search",
      "version": "0.54.1",
      "systems": {
        "aarch64-darwin": {
          "outputs": [
            {
              "name": "out",
              "path": "/nix/store/s1788r7pf032b9hqmcfshk9f82cnvqbz-lazygit-0.54.1",
              "default": true
            }
          ],
          "store_path": "/nix/store/s1788r7pf032b9hqmcfshk9f82cnvqbz-lazygit-0.54.1"
        },
        "aarch64-linux": {
          "outputs": [
            {
              "name": "out",
              "path": "/nix/store/26yyrx26bcgmijjdxchil6zyyqgmm2dq-lazygit-0.54.1",
              "default": true
            }
          ],
          "store_path": "/nix/store/26yyrx26bcgmijjdxchil6zyyqgmm2dq-lazygit-0.54.1"
        },
        "x86_64-darwin": {
          "outputs": [
            {
              "name": "out",
              "path": "/nix/store/szspzl6zlfprf6dwhm775872fhrfzvqs-lazygit-0.54.1",
              "default": true
            }
          ],
          "store_path": "/nix/store/szspzl6zlfprf6dwhm775872fhrfzvqs-lazygit-0.54.1"
        },
        "x86_64-linux": {
          "outputs": [
            {
              "name": "out",
              "path": "/nix/store/557v0gyppc9dyq8g3ay40n0sbxqzwaak-lazygit-0.54.1",
              "default": true
            }
          ],
          "store_path": "/nix/store/557v0gyppc9dyq8g3ay40n0sbxqzwaak-lazygit-0.54.1"
        }
      }
    },
    "yq-go@latest": {
      "last_modified": "2025-07-28T17:09:23Z",
      "resolved": "github:NixOS/nixpkgs/648f70160c03151bc2121d179291337ad6bc564b#yq-go",
      "source": "devbox-search",
      "version": "4.47.1",
      "systems": {
        "aarch64-darwin": {
          "outputs": [
            {
              "name": "out",
              "path": "/nix/store/c60vkx9c2hyp39ajq0v211j1yll5d4as-yq-go-4.47.1",
              "default": true
            }
          ],
          "store_path": "/nix/store/c60vkx9c2hyp39ajq0v211j1yll5d4as-yq-go-4.47.1"
        },
        "aarch64-linux": {
          "outputs": [
            {
              "name": "out",
              "path": "/nix/store/f7n0i12bhhq9ssv8n07pd8pmqarqbvhg-yq-go-4.47.1",
              "default": true
            }
          ],
          "store_path": "/nix/store/f7n0i12bhhq9ssv8n07pd8pmqarqbvhg-yq-go-4.47.1"
        },
        "x86_64-darwin": {
          "outputs": [
            {
              "name": "out",
              "path": "/nix/store/vga6ykbgq5hifmvwynk2w8pgncdqbgb9-yq-go-4.47.1",
              "default": true
            }
          ],
          "store_path": "/nix/store/vga6ykbgq5hifmvwynk2w8pgncdqbgb9-yq-go-4.47.1"
        },
        "x86_64-linux": {
          "outputs": [
            {
              "name": "out",
              "path": "/nix/store/b6j0gv68plxb5cxj2gwjdz8b998rpw87-yq-go-4.47.1",
              "default": true
            }
          ],
          "store_path": "/nix/store/b6j0gv68plxb5cxj2gwjdz8b998rpw87-yq-go-4.47.1"
        }
      }
    }
  }
}
